
Microsoft Visual Studio Solution File, Format Version 12.00
# Visual Studio 15
VisualStudioVersion = 15.0.28307.757
MinimumVisualStudioVersion = 10.0.40219.1
Project("{FAE04EC0-301F-11D3-BF4B-00C04F79EFBC}") = "BulkCopy", "BulkCopy.csproj", "{2960F0C8-1A3B-45FC-A2EB-D2A368ABE718}"
EndProject
Global
	GlobalSection(SolutionConfigurationPlatforms) = preSolution
		Debug|Any CPU = Debug|Any CPU
		Release|Any CPU = Release|Any CPU
	EndGlobalSection
	GlobalSection(ProjectConfigurationPlatforms) = postSolution
		{2960F0C8-1A3B-45FC-A2EB-D2A368ABE718}.Debug|Any CPU.ActiveCfg = Debug|Any CPU
		{2960F0C8-1A3B-45FC-A2EB-D2A368ABE718}.Debug|Any CPU.Build.0 = Debug|Any CPU
		{2960F0C8-1A3B-45FC-A2EB-D2A368ABE718}.Release|Any CPU.ActiveCfg = Release|Any CPU
		{2960F0C8-1A3B-45FC-A2EB-D2A368ABE718}.Release|Any CPU.Build.0 = Release|Any CPU
	EndGlobalSection
	GlobalSection(SolutionProperties) = preSolution
		HideSolutionNode = FALSE
	EndGlobalSection
	GlobalSection(ExtensibilityGlobals) = postSolution
		SolutionGuid = {1C82C567-7934-42ED-B35B-2281FDD11E48}
	EndGlobalSection
EndGlobal
