
Microsoft Visual Studio Solution File, Format Version 12.00
# Visual Studio Version 16
VisualStudioVersion = 16.0.29209.152
MinimumVisualStudioVersion = 10.0.40219.1
Project("{FAE04EC0-301F-11D3-BF4B-00C04F79EFBC}") = "Chop", "Chop\Chop.csproj", "{ACB73158-3604-4314-AEFC-55E769572603}"
EndProject
Global
	GlobalSection(SolutionConfigurationPlatforms) = preSolution
		Debug|Any CPU = Debug|Any CPU
		Release|Any CPU = Release|Any CPU
	EndGlobalSection
	GlobalSection(ProjectConfigurationPlatforms) = postSolution
		{ACB73158-3604-4314-AEFC-55E769572603}.Debug|Any CPU.ActiveCfg = Debug|Any CPU
		{ACB73158-3604-4314-AEFC-55E769572603}.Debug|Any CPU.Build.0 = Debug|Any CPU
		{ACB73158-3604-4314-AEFC-55E769572603}.Release|Any CPU.ActiveCfg = Release|Any CPU
		{ACB73158-3604-4314-AEFC-55E769572603}.Release|Any CPU.Build.0 = Release|Any CPU
	EndGlobalSection
	GlobalSection(SolutionProperties) = preSolution
		HideSolutionNode = FALSE
	EndGlobalSection
	GlobalSection(ExtensibilityGlobals) = postSolution
		SolutionGuid = {17AD8E83-647D-4109-A9C1-CB608E29A27F}
	EndGlobalSection
EndGlobal
