
Microsoft Visual Studio Solution File, Format Version 12.00
# Visual Studio Version 16
VisualStudioVersion = 16.0.28917.181
MinimumVisualStudioVersion = 10.0.40219.1
Project("{FAE04EC0-301F-11D3-BF4B-00C04F79EFBC}") = "XMLProcessor.SQLFunc", "XMLProcessor.SQLFunc\XMLProcessor.SQLFunc.csproj", "{015E70F5-8E78-4E9A-B6FF-41FC4C4DF935}"
EndProject
Project("{FAE04EC0-301F-11D3-BF4B-00C04F79EFBC}") = "XMLProcessor.Test", "XMLProcessor.Test\XMLProcessor.Test\XMLProcessor.Test.csproj", "{D4716278-097A-4DB0-BD84-086907BEBBC8}"
EndProject
Project("{00D1A9C2-B5F0-4AF3-8072-F6C62B433612}") = "XMLProcessor.Database", "XMLProcessor.Database\XMLProcessor.Database\XMLProcessor.Database.sqlproj", "{2806B01B-4ADC-43D2-AD88-305FB77D4226}"
EndProject
Global
	GlobalSection(SolutionConfigurationPlatforms) = preSolution
		Debug|Any CPU = Debug|Any CPU
		Release|Any CPU = Release|Any CPU
	EndGlobalSection
	GlobalSection(ProjectConfigurationPlatforms) = postSolution
		{015E70F5-8E78-4E9A-B6FF-41FC4C4DF935}.Debug|Any CPU.ActiveCfg = Debug|Any CPU
		{015E70F5-8E78-4E9A-B6FF-41FC4C4DF935}.Debug|Any CPU.Build.0 = Debug|Any CPU
		{015E70F5-8E78-4E9A-B6FF-41FC4C4DF935}.Release|Any CPU.ActiveCfg = Release|Any CPU
		{015E70F5-8E78-4E9A-B6FF-41FC4C4DF935}.Release|Any CPU.Build.0 = Release|Any CPU
		{D4716278-097A-4DB0-BD84-086907BEBBC8}.Debug|Any CPU.ActiveCfg = Debug|Any CPU
		{D4716278-097A-4DB0-BD84-086907BEBBC8}.Debug|Any CPU.Build.0 = Debug|Any CPU
		{D4716278-097A-4DB0-BD84-086907BEBBC8}.Release|Any CPU.ActiveCfg = Release|Any CPU
		{D4716278-097A-4DB0-BD84-086907BEBBC8}.Release|Any CPU.Build.0 = Release|Any CPU
		{2806B01B-4ADC-43D2-AD88-305FB77D4226}.Debug|Any CPU.ActiveCfg = Debug|Any CPU
		{2806B01B-4ADC-43D2-AD88-305FB77D4226}.Debug|Any CPU.Build.0 = Debug|Any CPU
		{2806B01B-4ADC-43D2-AD88-305FB77D4226}.Debug|Any CPU.Deploy.0 = Debug|Any CPU
		{2806B01B-4ADC-43D2-AD88-305FB77D4226}.Release|Any CPU.ActiveCfg = Release|Any CPU
		{2806B01B-4ADC-43D2-AD88-305FB77D4226}.Release|Any CPU.Build.0 = Release|Any CPU
		{2806B01B-4ADC-43D2-AD88-305FB77D4226}.Release|Any CPU.Deploy.0 = Release|Any CPU
	EndGlobalSection
	GlobalSection(SolutionProperties) = preSolution
		HideSolutionNode = FALSE
	EndGlobalSection
	GlobalSection(ExtensibilityGlobals) = postSolution
		SolutionGuid = {833B4D8D-80ED-49E0-A19F-0E0849FD9375}
	EndGlobalSection
EndGlobal
