// !$*UTF8*$!
{
	archiveVersion = 1;
	classes = {
	};
	objectVersion = 46;
	objects = {

/* Begin PBXBuildFile section */
		9C2820231364C65E009D29C0 /* Cocoa.framework in Frameworks */ = {isa = PBXBuildFile; fileRef = 9C2820221364C65E009D29C0 /* Cocoa.framework */; };
		9C28202D1364C65E009D29C0 /* InfoPlist.strings in Resources */ = {isa = PBXBuildFile; fileRef = 9C28202B1364C65E009D29C0 /* InfoPlist.strings */; };
		9C2820301364C65E009D29C0 /* main.m in Sources */ = {isa = PBXBuildFile; fileRef = 9C28202F1364C65E009D29C0 /* main.m */; };
		9C2820331364C65E009D29C0 /* Credits.rtf in Resources */ = {isa = PBXBuildFile; fileRef = 9C2820311364C65E009D29C0 /* Credits.rtf */; };
		9C2820361364C65E009D29C0 /* RandomAppAppDelegate.m in Sources */ = {isa = PBXBuildFile; fileRef = 9C2820351364C65E009D29C0 /* RandomAppAppDelegate.m */; };
		9C2820391364C65E009D29C0 /* MainMenu.xib in Resources */ = {isa = PBXBuildFile; fileRef = 9C2820371364C65E009D29C0 /* MainMenu.xib */; };
		9C2820401364C65E009D29C0 /* Cocoa.framework in Frameworks */ = {isa = PBXBuildFile; fileRef = 9C2820221364C65E009D29C0 /* Cocoa.framework */; };
		9C2820481364C65E009D29C0 /* InfoPlist.strings in Resources */ = {isa = PBXBuildFile; fileRef = 9C2820461364C65E009D29C0 /* InfoPlist.strings */; };
		9C28204B1364C65E009D29C0 /* RandomAppTests.h in Resources */ = {isa = PBXBuildFile; fileRef = 9C28204A1364C65E009D29C0 /* RandomAppTests.h */; };
		9C28204D1364C65E009D29C0 /* RandomAppTests.m in Sources */ = {isa = PBXBuildFile; fileRef = 9C28204C1364C65E009D29C0 /* RandomAppTests.m */; };
		9C2820581364D43C009D29C0 /* Foo.m in Sources */ = {isa = PBXBuildFile; fileRef = 9C2820571364D43C009D29C0 /* Foo.m */; };
/* End PBXBuildFile section */

/* Begin PBXContainerItemProxy section */
		9C2820411364C65E009D29C0 /* PBXContainerItemProxy */ = {
			isa = PBXContainerItemProxy;
			containerPortal = 9C2820151364C65D009D29C0 /* Project object */;
			proxyType = 1;
			remoteGlobalIDString = 9C28201D1364C65D009D29C0;
			remoteInfo = RandomApp;
		};
/* End PBXContainerItemProxy section */

/* Begin PBXFileReference section */
		9C28201E1364C65E009D29C0 /* RandomApp.app */ = {isa = PBXFileReference; explicitFileType = wrapper.application; includeInIndex = 0; path = RandomApp.app; sourceTree = BUILT_PRODUCTS_DIR; };
		9C2820221364C65E009D29C0 /* Cocoa.framework */ = {isa = PBXFileReference; lastKnownFileType = wrapper.framework; name = Cocoa.framework; path = System/Library/Frameworks/Cocoa.framework; sourceTree = SDKROOT; };
		9C2820251364C65E009D29C0 /* AppKit.framework */ = {isa = PBXFileReference; lastKnownFileType = wrapper.framework; name = AppKit.framework; path = System/Library/Frameworks/AppKit.framework; sourceTree = SDKROOT; };
		9C2820261364C65E009D29C0 /* CoreData.framework */ = {isa = PBXFileReference; lastKnownFileType = wrapper.framework; name = CoreData.framework; path = System/Library/Frameworks/CoreData.framework; sourceTree = SDKROOT; };
		9C2820271364C65E009D29C0 /* Foundation.framework */ = {isa = PBXFileReference; lastKnownFileType = wrapper.framework; name = Foundation.framework; path = System/Library/Frameworks/Foundation.framework; sourceTree = SDKROOT; };
		9C28202A1364C65E009D29C0 /* RandomApp-Info.plist */ = {isa = PBXFileReference; lastKnownFileType = text.plist.xml; path = "RandomApp-Info.plist"; sourceTree = "<group>"; };
		9C28202C1364C65E009D29C0 /* en */ = {isa = PBXFileReference; lastKnownFileType = text.plist.strings; name = en; path = en.lproj/InfoPlist.strings; sourceTree = "<group>"; };
		9C28202E1364C65E009D29C0 /* RandomApp-Prefix.pch */ = {isa = PBXFileReference; lastKnownFileType = sourcecode.c.h; path = "RandomApp-Prefix.pch"; sourceTree = "<group>"; };
		9C28202F1364C65E009D29C0 /* main.m */ = {isa = PBXFileReference; lastKnownFileType = sourcecode.c.objc; path = main.m; sourceTree = "<group>"; };
		9C2820321364C65E009D29C0 /* en */ = {isa = PBXFileReference; lastKnownFileType = text.rtf; name = en; path = en.lproj/Credits.rtf; sourceTree = "<group>"; };
		9C2820341364C65E009D29C0 /* RandomAppAppDelegate.h */ = {isa = PBXFileReference; lastKnownFileType = sourcecode.c.h; path = RandomAppAppDelegate.h; sourceTree = "<group>"; };
		9C2820351364C65E009D29C0 /* RandomAppAppDelegate.m */ = {isa = PBXFileReference; lastKnownFileType = sourcecode.c.objc; path = RandomAppAppDelegate.m; sourceTree = "<group>"; };
		9C2820381364C65E009D29C0 /* en */ = {isa = PBXFileReference; lastKnownFileType = file.xib; name = en; path = en.lproj/MainMenu.xib; sourceTree = "<group>"; };
		9C28203F1364C65E009D29C0 /* RandomAppTests.octest */ = {isa = PBXFileReference; explicitFileType = wrapper.cfbundle; includeInIndex = 0; path = RandomAppTests.octest; sourceTree = BUILT_PRODUCTS_DIR; };
		9C2820451364C65E009D29C0 /* RandomAppTests-Info.plist */ = {isa = PBXFileReference; lastKnownFileType = text.plist.xml; path = "RandomAppTests-Info.plist"; sourceTree = "<group>"; };
		9C2820471364C65E009D29C0 /* en */ = {isa = PBXFileReference; lastKnownFileType = text.plist.strings; name = en; path = en.lproj/InfoPlist.strings; sourceTree = "<group>"; };
		9C2820491364C65E009D29C0 /* RandomAppTests-Prefix.pch */ = {isa = PBXFileReference; lastKnownFileType = sourcecode.c.h; path = "RandomAppTests-Prefix.pch"; sourceTree = "<group>"; };
		9C28204A1364C65E009D29C0 /* RandomAppTests.h */ = {isa = PBXFileReference; lastKnownFileType = sourcecode.c.h; path = RandomAppTests.h; sourceTree = "<group>"; };
		9C28204C1364C65E009D29C0 /* RandomAppTests.m */ = {isa = PBXFileReference; lastKnownFileType = sourcecode.c.objc; path = RandomAppTests.m; sourceTree = "<group>"; };
		9C2820561364D43C009D29C0 /* Foo.h */ = {isa = PBXFileReference; fileEncoding = 4; lastKnownFileType = sourcecode.c.h; path = Foo.h; sourceTree = "<group>"; };
		9C2820571364D43C009D29C0 /* Foo.m */ = {isa = PBXFileReference; fileEncoding = 4; lastKnownFileType = sourcecode.c.objc; path = Foo.m; sourceTree = "<group>"; };
/* End PBXFileReference section */

/* Begin PBXFrameworksBuildPhase section */
		9C28201B1364C65D009D29C0 /* Frameworks */ = {
			isa = PBXFrameworksBuildPhase;
			buildActionMask = 2147483647;
			files = (
				9C2820231364C65E009D29C0 /* Cocoa.framework in Frameworks */,
			);
			runOnlyForDeploymentPostprocessing = 0;
		};
		9C28203B1364C65E009D29C0 /* Frameworks */ = {
			isa = PBXFrameworksBuildPhase;
			buildActionMask = 2147483647;
			files = (
				9C2820401364C65E009D29C0 /* Cocoa.framework in Frameworks */,
			);
			runOnlyForDeploymentPostprocessing = 0;
		};
/* End PBXFrameworksBuildPhase section */

/* Begin PBXGroup section */
		9C2820131364C65D009D29C0 = {
			isa = PBXGroup;
			children = (
				9C2820281364C65E009D29C0 /* RandomApp */,
				9C2820431364C65E009D29C0 /* RandomAppTests */,
				9C2820211364C65E009D29C0 /* Frameworks */,
				9C28201F1364C65E009D29C0 /* Products */,
			);
			sourceTree = "<group>";
		};
		9C28201F1364C65E009D29C0 /* Products */ = {
			isa = PBXGroup;
			children = (
				9C28201E1364C65E009D29C0 /* RandomApp.app */,
				9C28203F1364C65E009D29C0 /* RandomAppTests.octest */,
			);
			name = Products;
			sourceTree = "<group>";
		};
		9C2820211364C65E009D29C0 /* Frameworks */ = {
			isa = PBXGroup;
			children = (
				9C2820221364C65E009D29C0 /* Cocoa.framework */,
				9C2820241364C65E009D29C0 /* Other Frameworks */,
			);
			name = Frameworks;
			sourceTree = "<group>";
		};
		9C2820241364C65E009D29C0 /* Other Frameworks */ = {
			isa = PBXGroup;
			children = (
				9C2820251364C65E009D29C0 /* AppKit.framework */,
				9C2820261364C65E009D29C0 /* CoreData.framework */,
				9C2820271364C65E009D29C0 /* Foundation.framework */,
			);
			name = "Other Frameworks";
			sourceTree = "<group>";
		};
		9C2820281364C65E009D29C0 /* RandomApp */ = {
			isa = PBXGroup;
			children = (
				9C2820341364C65E009D29C0 /* RandomAppAppDelegate.h */,
				9C2820351364C65E009D29C0 /* RandomAppAppDelegate.m */,
				9C2820371364C65E009D29C0 /* MainMenu.xib */,
				9C2820561364D43C009D29C0 /* Foo.h */,
				9C2820571364D43C009D29C0 /* Foo.m */,
				9C2820291364C65E009D29C0 /* Supporting Files */,
			);
			path = RandomApp;
			sourceTree = "<group>";
		};
		9C2820291364C65E009D29C0 /* Supporting Files */ = {
			isa = PBXGroup;
			children = (
				9C28202A1364C65E009D29C0 /* RandomApp-Info.plist */,
				9C28202B1364C65E009D29C0 /* InfoPlist.strings */,
				9C28202E1364C65E009D29C0 /* RandomApp-Prefix.pch */,
				9C28202F1364C65E009D29C0 /* main.m */,
				9C2820311364C65E009D29C0 /* Credits.rtf */,
			);
			name = "Supporting Files";
			sourceTree = "<group>";
		};
		9C2820431364C65E009D29C0 /* RandomAppTests */ = {
			isa = PBXGroup;
			children = (
				9C28204A1364C65E009D29C0 /* RandomAppTests.h */,
				9C28204C1364C65E009D29C0 /* RandomAppTests.m */,
				9C2820441364C65E009D29C0 /* Supporting Files */,
			);
			path = RandomAppTests;
			sourceTree = "<group>";
		};
		9C2820441364C65E009D29C0 /* Supporting Files */ = {
			isa = PBXGroup;
			children = (
				9C2820451364C65E009D29C0 /* RandomAppTests-Info.plist */,
				9C2820461364C65E009D29C0 /* InfoPlist.strings */,
				9C2820491364C65E009D29C0 /* RandomAppTests-Prefix.pch */,
			);
			name = "Supporting Files";
			sourceTree = "<group>";
		};
/* End PBXGroup section */

/* Begin PBXNativeTarget section */
		9C28201D1364C65D009D29C0 /* RandomApp */ = {
			isa = PBXNativeTarget;
			buildConfigurationList = 9C2820501364C65E009D29C0 /* Build configuration list for PBXNativeTarget "RandomApp" */;
			buildPhases = (
				9C28201A1364C65D009D29C0 /* Sources */,
				9C28201B1364C65D009D29C0 /* Frameworks */,
				9C28201C1364C65D009D29C0 /* Resources */,
			);
			buildRules = (
			);
			dependencies = (
			);
			name = RandomApp;
			productName = RandomApp;
			productReference = 9C28201E1364C65E009D29C0 /* RandomApp.app */;
			productType = "com.apple.product-type.application";
		};
		9C28203E1364C65E009D29C0 /* RandomAppTests */ = {
			isa = PBXNativeTarget;
			buildConfigurationList = 9C2820531364C65E009D29C0 /* Build configuration list for PBXNativeTarget "RandomAppTests" */;
			buildPhases = (
				9C28203A1364C65E009D29C0 /* Sources */,
				9C28203B1364C65E009D29C0 /* Frameworks */,
				9C28203C1364C65E009D29C0 /* Resources */,
				9C28203D1364C65E009D29C0 /* ShellScript */,
			);
			buildRules = (
			);
			dependencies = (
				9C2820421364C65E009D29C0 /* PBXTargetDependency */,
			);
			name = RandomAppTests;
			productName = RandomAppTests;
			productReference = 9C28203F1364C65E009D29C0 /* RandomAppTests.octest */;
			productType = "com.apple.product-type.bundle";
		};
/* End PBXNativeTarget section */

/* Begin PBXProject section */
		9C2820151364C65D009D29C0 /* Project object */ = {
			isa = PBXProject;
			buildConfigurationList = 9C2820181364C65D009D29C0 /* Build configuration list for PBXProject "RandomApp" */;
			compatibilityVersion = "Xcode 3.2";
			developmentRegion = English;
			hasScannedForEncodings = 0;
			knownRegions = (
				en,
			);
			mainGroup = 9C2820131364C65D009D29C0;
			productRefGroup = 9C28201F1364C65E009D29C0 /* Products */;
			projectDirPath = "";
			projectRoot = "";
			targets = (
				9C28201D1364C65D009D29C0 /* RandomApp */,
				9C28203E1364C65E009D29C0 /* RandomAppTests */,
			);
		};
/* End PBXProject section */

/* Begin PBXResourcesBuildPhase section */
		9C28201C1364C65D009D29C0 /* Resources */ = {
			isa = PBXResourcesBuildPhase;
			buildActionMask = 2147483647;
			files = (
				9C28202D1364C65E009D29C0 /* InfoPlist.strings in Resources */,
				9C2820331364C65E009D29C0 /* Credits.rtf in Resources */,
				9C2820391364C65E009D29C0 /* MainMenu.xib in Resources */,
			);
			runOnlyForDeploymentPostprocessing = 0;
		};
		9C28203C1364C65E009D29C0 /* Resources */ = {
			isa = PBXResourcesBuildPhase;
			buildActionMask = 2147483647;
			files = (
				9C2820481364C65E009D29C0 /* InfoPlist.strings in Resources */,
				9C28204B1364C65E009D29C0 /* RandomAppTests.h in Resources */,
			);
			runOnlyForDeploymentPostprocessing = 0;
		};
/* End PBXResourcesBuildPhase section */

/* Begin PBXShellScriptBuildPhase section */
		9C28203D1364C65E009D29C0 /* ShellScript */ = {
			isa = PBXShellScriptBuildPhase;
			buildActionMask = 2147483647;
			files = (
			);
			inputPaths = (
			);
			outputPaths = (
			);
			runOnlyForDeploymentPostprocessing = 0;
			shellPath = /bin/sh;
			shellScript = "# Run the unit tests in this test bundle.\n\"${SYSTEM_DEVELOPER_DIR}/Tools/RunUnitTests\"\n";
		};
/* End PBXShellScriptBuildPhase section */

/* Begin PBXSourcesBuildPhase section */
		9C28201A1364C65D009D29C0 /* Sources */ = {
			isa = PBXSourcesBuildPhase;
			buildActionMask = 2147483647;
			files = (
				9C2820301364C65E009D29C0 /* main.m in Sources */,
				9C2820361364C65E009D29C0 /* RandomAppAppDelegate.m in Sources */,
				9C2820581364D43C009D29C0 /* Foo.m in Sources */,
			);
			runOnlyForDeploymentPostprocessing = 0;
		};
		9C28203A1364C65E009D29C0 /* Sources */ = {
			isa = PBXSourcesBuildPhase;
			buildActionMask = 2147483647;
			files = (
				9C28204D1364C65E009D29C0 /* RandomAppTests.m in Sources */,
			);
			runOnlyForDeploymentPostprocessing = 0;
		};
/* End PBXSourcesBuildPhase section */

/* Begin PBXTargetDependency section */
		9C2820421364C65E009D29C0 /* PBXTargetDependency */ = {
			isa = PBXTargetDependency;
			target = 9C28201D1364C65D009D29C0 /* RandomApp */;
			targetProxy = 9C2820411364C65E009D29C0 /* PBXContainerItemProxy */;
		};
/* End PBXTargetDependency section */

/* Begin PBXVariantGroup section */
		9C28202B1364C65E009D29C0 /* InfoPlist.strings */ = {
			isa = PBXVariantGroup;
			children = (
				9C28202C1364C65E009D29C0 /* en */,
			);
			name = InfoPlist.strings;
			sourceTree = "<group>";
		};
		9C2820311364C65E009D29C0 /* Credits.rtf */ = {
			isa = PBXVariantGroup;
			children = (
				9C2820321364C65E009D29C0 /* en */,
			);
			name = Credits.rtf;
			sourceTree = "<group>";
		};
		9C2820371364C65E009D29C0 /* MainMenu.xib */ = {
			isa = PBXVariantGroup;
			children = (
				9C2820381364C65E009D29C0 /* en */,
			);
			name = MainMenu.xib;
			sourceTree = "<group>";
		};
		9C2820461364C65E009D29C0 /* InfoPlist.strings */ = {
			isa = PBXVariantGroup;
			children = (
				9C2820471364C65E009D29C0 /* en */,
			);
			name = InfoPlist.strings;
			sourceTree = "<group>";
		};
/* End PBXVariantGroup section */

/* Begin XCBuildConfiguration section */
		9C28204E1364C65E009D29C0 /* Debug */ = {
			isa = XCBuildConfiguration;
			buildSettings = {
				ARCHS = "$(ARCHS_STANDARD_32_64_BIT)";
				GCC_C_LANGUAGE_STANDARD = gnu99;
				GCC_OPTIMIZATION_LEVEL = 0;
				GCC_PREPROCESSOR_DEFINITIONS = DEBUG;
				GCC_SYMBOLS_PRIVATE_EXTERN = NO;
				GCC_VERSION = com.apple.compilers.llvm.clang.1_0;
				GCC_WARN_64_TO_32_BIT_CONVERSION = YES;
				GCC_WARN_ABOUT_RETURN_TYPE = YES;
				GCC_WARN_UNUSED_VARIABLE = YES;
				MACOSX_DEPLOYMENT_TARGET = 10.6;
				ONLY_ACTIVE_ARCH = YES;
				SDKROOT = macosx;
			};
			name = Debug;
		};
		9C28204F1364C65E009D29C0 /* Release */ = {
			isa = XCBuildConfiguration;
			buildSettings = {
				ARCHS = "$(ARCHS_STANDARD_32_64_BIT)";
				GCC_C_LANGUAGE_STANDARD = gnu99;
				GCC_VERSION = com.apple.compilers.llvm.clang.1_0;
				GCC_WARN_64_TO_32_BIT_CONVERSION = YES;
				GCC_WARN_ABOUT_RETURN_TYPE = YES;
				GCC_WARN_UNUSED_VARIABLE = YES;
				MACOSX_DEPLOYMENT_TARGET = 10.6;
				SDKROOT = macosx;
			};
			name = Release;
		};
		9C2820511364C65E009D29C0 /* Debug */ = {
			isa = XCBuildConfiguration;
			buildSettings = {
				ALWAYS_SEARCH_USER_PATHS = NO;
				COPY_PHASE_STRIP = NO;
				GCC_DYNAMIC_NO_PIC = NO;
				GCC_ENABLE_OBJC_EXCEPTIONS = YES;
				GCC_PRECOMPILE_PREFIX_HEADER = YES;
				GCC_PREFIX_HEADER = "RandomApp/RandomApp-Prefix.pch";
				INFOPLIST_FILE = "RandomApp/RandomApp-Info.plist";
				PRODUCT_NAME = "$(TARGET_NAME)";
				WRAPPER_EXTENSION = app;
			};
			name = Debug;
		};
		9C2820521364C65E009D29C0 /* Release */ = {
			isa = XCBuildConfiguration;
			buildSettings = {
				ALWAYS_SEARCH_USER_PATHS = NO;
				COPY_PHASE_STRIP = YES;
				DEBUG_INFORMATION_FORMAT = "dwarf-with-dsym";
				GCC_ENABLE_OBJC_EXCEPTIONS = YES;
				GCC_PRECOMPILE_PREFIX_HEADER = YES;
				GCC_PREFIX_HEADER = "RandomApp/RandomApp-Prefix.pch";
				INFOPLIST_FILE = "RandomApp/RandomApp-Info.plist";
				PRODUCT_NAME = "$(TARGET_NAME)";
				WRAPPER_EXTENSION = app;
			};
			name = Release;
		};
		9C2820541364C65E009D29C0 /* Debug */ = {
			isa = XCBuildConfiguration;
			buildSettings = {
				ALWAYS_SEARCH_USER_PATHS = NO;
				BUNDLE_LOADER = "$(BUILT_PRODUCTS_DIR)/RandomApp.app/Contents/MacOS/RandomApp";
				COPY_PHASE_STRIP = NO;
				FRAMEWORK_SEARCH_PATHS = "$(DEVELOPER_LIBRARY_DIR)/Frameworks";
				GCC_DYNAMIC_NO_PIC = NO;
				GCC_ENABLE_OBJC_EXCEPTIONS = YES;
				GCC_PRECOMPILE_PREFIX_HEADER = YES;
				GCC_PREFIX_HEADER = "RandomAppTests/RandomAppTests-Prefix.pch";
				INFOPLIST_FILE = "RandomAppTests/RandomAppTests-Info.plist";
				OTHER_LDFLAGS = (
					"-framework",
					SenTestingKit,
				);
				PRODUCT_NAME = "$(TARGET_NAME)";
				TEST_HOST = "$(BUNDLE_LOADER)";
				WRAPPER_EXTENSION = octest;
			};
			name = Debug;
		};
		9C2820551364C65E009D29C0 /* Release */ = {
			isa = XCBuildConfiguration;
			buildSettings = {
				ALWAYS_SEARCH_USER_PATHS = NO;
				BUNDLE_LOADER = "$(BUILT_PRODUCTS_DIR)/RandomApp.app/Contents/MacOS/RandomApp";
				COPY_PHASE_STRIP = YES;
				DEBUG_INFORMATION_FORMAT = "dwarf-with-dsym";
				FRAMEWORK_SEARCH_PATHS = "$(DEVELOPER_LIBRARY_DIR)/Frameworks";
				GCC_ENABLE_OBJC_EXCEPTIONS = YES;
				GCC_PRECOMPILE_PREFIX_HEADER = YES;
				GCC_PREFIX_HEADER = "RandomAppTests/RandomAppTests-Prefix.pch";
				INFOPLIST_FILE = "RandomAppTests/RandomAppTests-Info.plist";
				OTHER_LDFLAGS = (
					"-framework",
					SenTestingKit,
				);
				PRODUCT_NAME = "$(TARGET_NAME)";
				TEST_HOST = "$(BUNDLE_LOADER)";
				WRAPPER_EXTENSION = octest;
			};
			name = Release;
		};
/* End XCBuildConfiguration section */

/* Begin XCConfigurationList section */
		9C2820181364C65D009D29C0 /* Build configuration list for PBXProject "RandomApp" */ = {
			isa = XCConfigurationList;
			buildConfigurations = (
				9C28204E1364C65E009D29C0 /* Debug */,
				9C28204F1364C65E009D29C0 /* Release */,
			);
			defaultConfigurationIsVisible = 0;
			defaultConfigurationName = Release;
		};
		9C2820501364C65E009D29C0 /* Build configuration list for PBXNativeTarget "RandomApp" */ = {
			isa = XCConfigurationList;
			buildConfigurations = (
				9C2820511364C65E009D29C0 /* Debug */,
				9C2820521364C65E009D29C0 /* Release */,
			);
			defaultConfigurationIsVisible = 0;
		};
		9C2820531364C65E009D29C0 /* Build configuration list for PBXNativeTarget "RandomAppTests" */ = {
			isa = XCConfigurationList;
			buildConfigurations = (
				9C2820541364C65E009D29C0 /* Debug */,
				9C2820551364C65E009D29C0 /* Release */,
			);
			defaultConfigurationIsVisible = 0;
		};
/* End XCConfigurationList section */
	};
	rootObject = 9C2820151364C65D009D29C0 /* Project object */;
}
