// !$*UTF8*$!
{
	archiveVersion = 1;
	classes = {
	};
	objectVersion = 46;
	objects = {

/* Begin PBXBuildFile section */
		9C3E66B813E75342000F8021 /* Foundation.framework in Frameworks */ = {isa = PBXBuildFile; fileRef = 9C3E66B713E75342000F8021 /* Foundation.framework */; };
		9C3E66BB13E75342000F8021 /* FractionTest.m in Sources */ = {isa = PBXBuildFile; fileRef = 9C3E66BA13E75342000F8021 /* FractionTest.m */; };
		9C3E66BF13E75342000F8021 /* FractionTest.1 in CopyFiles */ = {isa = PBXBuildFile; fileRef = 9C3E66BE13E75342000F8021 /* FractionTest.1 */; };
		9C3E66C713E75463000F8021 /* Fraction.m in Sources */ = {isa = PBXBuildFile; fileRef = 9C3E66C613E75463000F8021 /* Fraction.m */; };
/* End PBXBuildFile section */

/* Begin PBXCopyFilesBuildPhase section */
		9C3E66B113E75342000F8021 /* CopyFiles */ = {
			isa = PBXCopyFilesBuildPhase;
			buildActionMask = 2147483647;
			dstPath = /usr/share/man/man1/;
			dstSubfolderSpec = 0;
			files = (
				9C3E66BF13E75342000F8021 /* FractionTest.1 in CopyFiles */,
			);
			runOnlyForDeploymentPostprocessing = 1;
		};
/* End PBXCopyFilesBuildPhase section */

/* Begin PBXFileReference section */
		9C3E66B313E75342000F8021 /* FractionTest */ = {isa = PBXFileReference; explicitFileType = "compiled.mach-o.executable"; includeInIndex = 0; path = FractionTest; sourceTree = BUILT_PRODUCTS_DIR; };
		9C3E66B713E75342000F8021 /* Foundation.framework */ = {isa = PBXFileReference; lastKnownFileType = wrapper.framework; name = Foundation.framework; path = System/Library/Frameworks/Foundation.framework; sourceTree = SDKROOT; };
		9C3E66BA13E75342000F8021 /* FractionTest.m */ = {isa = PBXFileReference; lastKnownFileType = sourcecode.c.objc; path = FractionTest.m; sourceTree = "<group>"; };
		9C3E66BD13E75342000F8021 /* FractionTest-Prefix.pch */ = {isa = PBXFileReference; lastKnownFileType = sourcecode.c.h; path = "FractionTest-Prefix.pch"; sourceTree = "<group>"; };
		9C3E66BE13E75342000F8021 /* FractionTest.1 */ = {isa = PBXFileReference; lastKnownFileType = text.man; path = FractionTest.1; sourceTree = "<group>"; };
		9C3E66C513E75463000F8021 /* Fraction.h */ = {isa = PBXFileReference; fileEncoding = 4; lastKnownFileType = sourcecode.c.h; path = Fraction.h; sourceTree = "<group>"; };
		9C3E66C613E75463000F8021 /* Fraction.m */ = {isa = PBXFileReference; fileEncoding = 4; lastKnownFileType = sourcecode.c.objc; path = Fraction.m; sourceTree = "<group>"; };
/* End PBXFileReference section */

/* Begin PBXFrameworksBuildPhase section */
		9C3E66B013E75342000F8021 /* Frameworks */ = {
			isa = PBXFrameworksBuildPhase;
			buildActionMask = 2147483647;
			files = (
				9C3E66B813E75342000F8021 /* Foundation.framework in Frameworks */,
			);
			runOnlyForDeploymentPostprocessing = 0;
		};
/* End PBXFrameworksBuildPhase section */

/* Begin PBXGroup section */
		9C3E66A813E75342000F8021 = {
			isa = PBXGroup;
			children = (
				9C3E66B913E75342000F8021 /* FractionTest */,
				9C3E66B613E75342000F8021 /* Frameworks */,
				9C3E66B413E75342000F8021 /* Products */,
			);
			sourceTree = "<group>";
		};
		9C3E66B413E75342000F8021 /* Products */ = {
			isa = PBXGroup;
			children = (
				9C3E66B313E75342000F8021 /* FractionTest */,
			);
			name = Products;
			sourceTree = "<group>";
		};
		9C3E66B613E75342000F8021 /* Frameworks */ = {
			isa = PBXGroup;
			children = (
				9C3E66B713E75342000F8021 /* Foundation.framework */,
			);
			name = Frameworks;
			sourceTree = "<group>";
		};
		9C3E66B913E75342000F8021 /* FractionTest */ = {
			isa = PBXGroup;
			children = (
				9C3E66BA13E75342000F8021 /* FractionTest.m */,
				9C3E66C513E75463000F8021 /* Fraction.h */,
				9C3E66C613E75463000F8021 /* Fraction.m */,
				9C3E66BE13E75342000F8021 /* FractionTest.1 */,
				9C3E66BC13E75342000F8021 /* Supporting Files */,
			);
			path = FractionTest;
			sourceTree = "<group>";
		};
		9C3E66BC13E75342000F8021 /* Supporting Files */ = {
			isa = PBXGroup;
			children = (
				9C3E66BD13E75342000F8021 /* FractionTest-Prefix.pch */,
			);
			name = "Supporting Files";
			sourceTree = "<group>";
		};
/* End PBXGroup section */

/* Begin PBXNativeTarget section */
		9C3E66B213E75342000F8021 /* FractionTest */ = {
			isa = PBXNativeTarget;
			buildConfigurationList = 9C3E66C213E75342000F8021 /* Build configuration list for PBXNativeTarget "FractionTest" */;
			buildPhases = (
				9C3E66AF13E75342000F8021 /* Sources */,
				9C3E66B013E75342000F8021 /* Frameworks */,
				9C3E66B113E75342000F8021 /* CopyFiles */,
			);
			buildRules = (
			);
			dependencies = (
			);
			name = FractionTest;
			productName = FractionTest;
			productReference = 9C3E66B313E75342000F8021 /* FractionTest */;
			productType = "com.apple.product-type.tool";
		};
/* End PBXNativeTarget section */

/* Begin PBXProject section */
		9C3E66AA13E75342000F8021 /* Project object */ = {
			isa = PBXProject;
			buildConfigurationList = 9C3E66AD13E75342000F8021 /* Build configuration list for PBXProject "FractionTest" */;
			compatibilityVersion = "Xcode 3.2";
			developmentRegion = English;
			hasScannedForEncodings = 0;
			knownRegions = (
				en,
			);
			mainGroup = 9C3E66A813E75342000F8021;
			productRefGroup = 9C3E66B413E75342000F8021 /* Products */;
			projectDirPath = "";
			projectRoot = "";
			targets = (
				9C3E66B213E75342000F8021 /* FractionTest */,
			);
		};
/* End PBXProject section */

/* Begin PBXSourcesBuildPhase section */
		9C3E66AF13E75342000F8021 /* Sources */ = {
			isa = PBXSourcesBuildPhase;
			buildActionMask = 2147483647;
			files = (
				9C3E66BB13E75342000F8021 /* FractionTest.m in Sources */,
				9C3E66C713E75463000F8021 /* Fraction.m in Sources */,
			);
			runOnlyForDeploymentPostprocessing = 0;
		};
/* End PBXSourcesBuildPhase section */

/* Begin XCBuildConfiguration section */
		9C3E66C013E75342000F8021 /* Debug */ = {
			isa = XCBuildConfiguration;
			buildSettings = {
				ALWAYS_SEARCH_USER_PATHS = NO;
				ARCHS = "$(ARCHS_STANDARD_64_BIT)";
				COPY_PHASE_STRIP = NO;
				GCC_C_LANGUAGE_STANDARD = gnu99;
				GCC_DYNAMIC_NO_PIC = NO;
				GCC_ENABLE_OBJC_EXCEPTIONS = YES;
				GCC_OPTIMIZATION_LEVEL = 0;
				GCC_PREPROCESSOR_DEFINITIONS = (
					"DEBUG=1",
					"$(inherited)",
				);
				GCC_SYMBOLS_PRIVATE_EXTERN = NO;
				GCC_VERSION = com.apple.compilers.llvm.clang.1_0;
				GCC_WARN_64_TO_32_BIT_CONVERSION = YES;
				GCC_WARN_ABOUT_MISSING_PROTOTYPES = YES;
				GCC_WARN_ABOUT_RETURN_TYPE = YES;
				GCC_WARN_UNUSED_VARIABLE = YES;
				MACOSX_DEPLOYMENT_TARGET = 10.7;
				ONLY_ACTIVE_ARCH = YES;
				SDKROOT = macosx;
			};
			name = Debug;
		};
		9C3E66C113E75342000F8021 /* Release */ = {
			isa = XCBuildConfiguration;
			buildSettings = {
				ALWAYS_SEARCH_USER_PATHS = NO;
				ARCHS = "$(ARCHS_STANDARD_64_BIT)";
				COPY_PHASE_STRIP = YES;
				DEBUG_INFORMATION_FORMAT = "dwarf-with-dsym";
				GCC_C_LANGUAGE_STANDARD = gnu99;
				GCC_ENABLE_OBJC_EXCEPTIONS = YES;
				GCC_VERSION = com.apple.compilers.llvm.clang.1_0;
				GCC_WARN_64_TO_32_BIT_CONVERSION = YES;
				GCC_WARN_ABOUT_MISSING_PROTOTYPES = YES;
				GCC_WARN_ABOUT_RETURN_TYPE = YES;
				GCC_WARN_UNUSED_VARIABLE = YES;
				MACOSX_DEPLOYMENT_TARGET = 10.7;
				SDKROOT = macosx;
			};
			name = Release;
		};
		9C3E66C313E75342000F8021 /* Debug */ = {
			isa = XCBuildConfiguration;
			buildSettings = {
				GCC_PRECOMPILE_PREFIX_HEADER = YES;
				GCC_PREFIX_HEADER = "FractionTest/FractionTest-Prefix.pch";
				PRODUCT_NAME = "$(TARGET_NAME)";
			};
			name = Debug;
		};
		9C3E66C413E75342000F8021 /* Release */ = {
			isa = XCBuildConfiguration;
			buildSettings = {
				GCC_PRECOMPILE_PREFIX_HEADER = YES;
				GCC_PREFIX_HEADER = "FractionTest/FractionTest-Prefix.pch";
				PRODUCT_NAME = "$(TARGET_NAME)";
			};
			name = Release;
		};
/* End XCBuildConfiguration section */

/* Begin XCConfigurationList section */
		9C3E66AD13E75342000F8021 /* Build configuration list for PBXProject "FractionTest" */ = {
			isa = XCConfigurationList;
			buildConfigurations = (
				9C3E66C013E75342000F8021 /* Debug */,
				9C3E66C113E75342000F8021 /* Release */,
			);
			defaultConfigurationIsVisible = 0;
			defaultConfigurationName = Release;
		};
		9C3E66C213E75342000F8021 /* Build configuration list for PBXNativeTarget "FractionTest" */ = {
			isa = XCConfigurationList;
			buildConfigurations = (
				9C3E66C313E75342000F8021 /* Debug */,
				9C3E66C413E75342000F8021 /* Release */,
			);
			defaultConfigurationIsVisible = 0;
		};
/* End XCConfigurationList section */
	};
	rootObject = 9C3E66AA13E75342000F8021 /* Project object */;
}
